
Microsoft Visual Studio Solution File, Format Version 12.00
# Visual Studio Version 17
VisualStudioVersion = 17.2.32516.85
MinimumVisualStudioVersion = 10.0.40219.1
Project("{FAE04EC0-301F-11D3-BF4B-00C04F79EFBC}") = "MatStatApp", "MatStatApp.csproj", "{33159537-48FC-46B0-BBAB-05DD9D0844A5}"
EndProject
Global
	GlobalSection(SolutionConfigurationPlatforms) = preSolution
		Debug|Any CPU = Debug|Any CPU
		Release|Any CPU = Release|Any CPU
	EndGlobalSection
	GlobalSection(ProjectConfigurationPlatforms) = postSolution
		{33159537-48FC-46B0-BBAB-05DD9D0844A5}.Debug|Any CPU.ActiveCfg = Debug|Any CPU
		{33159537-48FC-46B0-BBAB-05DD9D0844A5}.Debug|Any CPU.Build.0 = Debug|Any CPU
		{33159537-48FC-46B0-BBAB-05DD9D0844A5}.Release|Any CPU.ActiveCfg = Release|Any CPU
		{33159537-48FC-46B0-BBAB-05DD9D0844A5}.Release|Any CPU.Build.0 = Release|Any CPU
	EndGlobalSection
	GlobalSection(SolutionProperties) = preSolution
		HideSolutionNode = FALSE
	EndGlobalSection
	GlobalSection(ExtensibilityGlobals) = postSolution
		SolutionGuid = {9E584092-3839-47D2-A2AC-1E2326635870}
	EndGlobalSection
EndGlobal
